// !$*UTF8*$!
{
	archiveVersion = 1;
	classes = {
	};
	objectVersion = 50;
	objects = {

/* Begin PBXBuildFile section */
		9D24371222BA89A300C298EF /* NetworkService.swift in Sources */ = {isa = PBXBuildFile; fileRef = 9D24371122BA89A300C298EF /* NetworkService.swift */; };
		9D24371422BA8FA500C298EF /* CardsDetail.swift in Sources */ = {isa = PBXBuildFile; fileRef = 9D24371322BA8FA500C298EF /* CardsDetail.swift */; };
		9D24371622BA8FBC00C298EF /* CardId.swift in Sources */ = {isa = PBXBuildFile; fileRef = 9D24371522BA8FBC00C298EF /* CardId.swift */; };
		D0813CB0227C7CE300D400A5 /* AppDelegate.swift in Sources */ = {isa = PBXBuildFile; fileRef = D0813CAF227C7CE300D400A5 /* AppDelegate.swift */; };
		D0813CB2227C7CE300D400A5 /* ViewController.swift in Sources */ = {isa = PBXBuildFile; fileRef = D0813CB1227C7CE300D400A5 /* ViewController.swift */; };
		D0813CB5227C7CE300D400A5 /* Main.storyboard in Resources */ = {isa = PBXBuildFile; fileRef = D0813CB3227C7CE300D400A5 /* Main.storyboard */; };
		D0813CB7227C7CE400D400A5 /* Assets.xcassets in Resources */ = {isa = PBXBuildFile; fileRef = D0813CB6227C7CE400D400A5 /* Assets.xcassets */; };
		D0813CBA227C7CE400D400A5 /* LaunchScreen.storyboard in Resources */ = {isa = PBXBuildFile; fileRef = D0813CB8227C7CE400D400A5 /* LaunchScreen.storyboard */; };
		D0813CC5227C7DEF00D400A5 /* MenuCollectionViewCell.swift in Sources */ = {isa = PBXBuildFile; fileRef = D0813CC4227C7DEF00D400A5 /* MenuCollectionViewCell.swift */; };
		D0813CC7227C7EF600D400A5 /* Menu.swift in Sources */ = {isa = PBXBuildFile; fileRef = D0813CC6227C7EF600D400A5 /* Menu.swift */; };
		D0EA7B412284880F00A4192A /* DetailViewController.swift in Sources */ = {isa = PBXBuildFile; fileRef = D0EA7B402284880F00A4192A /* DetailViewController.swift */; };
/* End PBXBuildFile section */

/* Begin PBXFileReference section */
		9D24371122BA89A300C298EF /* NetworkService.swift */ = {isa = PBXFileReference; lastKnownFileType = sourcecode.swift; path = NetworkService.swift; sourceTree = "<group>"; };
		9D24371322BA8FA500C298EF /* CardsDetail.swift */ = {isa = PBXFileReference; lastKnownFileType = sourcecode.swift; path = CardsDetail.swift; sourceTree = "<group>"; };
		9D24371522BA8FBC00C298EF /* CardId.swift */ = {isa = PBXFileReference; lastKnownFileType = sourcecode.swift; path = CardId.swift; sourceTree = "<group>"; };
		D0813CAC227C7CE300D400A5 /* DeckBuilder.app */ = {isa = PBXFileReference; explicitFileType = wrapper.application; includeInIndex = 0; path = DeckBuilder.app; sourceTree = BUILT_PRODUCTS_DIR; };
		D0813CAF227C7CE300D400A5 /* AppDelegate.swift */ = {isa = PBXFileReference; lastKnownFileType = sourcecode.swift; path = AppDelegate.swift; sourceTree = "<group>"; };
		D0813CB1227C7CE300D400A5 /* ViewController.swift */ = {isa = PBXFileReference; lastKnownFileType = sourcecode.swift; path = ViewController.swift; sourceTree = "<group>"; };
		D0813CB4227C7CE300D400A5 /* Base */ = {isa = PBXFileReference; lastKnownFileType = file.storyboard; name = Base; path = Base.lproj/Main.storyboard; sourceTree = "<group>"; };
		D0813CB6227C7CE400D400A5 /* Assets.xcassets */ = {isa = PBXFileReference; lastKnownFileType = folder.assetcatalog; path = Assets.xcassets; sourceTree = "<group>"; };
		D0813CB9227C7CE400D400A5 /* Base */ = {isa = PBXFileReference; lastKnownFileType = file.storyboard; name = Base; path = Base.lproj/LaunchScreen.storyboard; sourceTree = "<group>"; };
		D0813CBB227C7CE400D400A5 /* Info.plist */ = {isa = PBXFileReference; lastKnownFileType = text.plist.xml; path = Info.plist; sourceTree = "<group>"; };
		D0813CC4227C7DEF00D400A5 /* MenuCollectionViewCell.swift */ = {isa = PBXFileReference; lastKnownFileType = sourcecode.swift; path = MenuCollectionViewCell.swift; sourceTree = "<group>"; };
		D0813CC6227C7EF600D400A5 /* Menu.swift */ = {isa = PBXFileReference; lastKnownFileType = sourcecode.swift; path = Menu.swift; sourceTree = "<group>"; };
		D0EA7B402284880F00A4192A /* DetailViewController.swift */ = {isa = PBXFileReference; lastKnownFileType = sourcecode.swift; path = DetailViewController.swift; sourceTree = "<group>"; };
/* End PBXFileReference section */

/* Begin PBXFrameworksBuildPhase section */
		D0813CA9227C7CE300D400A5 /* Frameworks */ = {
			isa = PBXFrameworksBuildPhase;
			buildActionMask = 2147483647;
			files = (
			);
			runOnlyForDeploymentPostprocessing = 0;
		};
/* End PBXFrameworksBuildPhase section */

/* Begin PBXGroup section */
		9D24371022BA899300C298EF /* Services */ = {
			isa = PBXGroup;
			children = (
				9D24371122BA89A300C298EF /* NetworkService.swift */,
			);
			path = Services;
			sourceTree = "<group>";
		};
		D0813CA3227C7CE300D400A5 = {
			isa = PBXGroup;
			children = (
				D0813CAE227C7CE300D400A5 /* DeckBuilder */,
				D0813CAD227C7CE300D400A5 /* Products */,
			);
			sourceTree = "<group>";
		};
		D0813CAD227C7CE300D400A5 /* Products */ = {
			isa = PBXGroup;
			children = (
				D0813CAC227C7CE300D400A5 /* DeckBuilder.app */,
			);
			name = Products;
			sourceTree = "<group>";
		};
		D0813CAE227C7CE300D400A5 /* DeckBuilder */ = {
			isa = PBXGroup;
			children = (
				9D24371022BA899300C298EF /* Services */,
				D0813CC2227C7D7D00D400A5 /* Model */,
				D0813CC3227C7D8300D400A5 /* View */,
				D0813CC1227C7D6A00D400A5 /* Controller */,
				D0813CAF227C7CE300D400A5 /* AppDelegate.swift */,
				D0813CB3227C7CE300D400A5 /* Main.storyboard */,
				D0813CB6227C7CE400D400A5 /* Assets.xcassets */,
				D0813CB8227C7CE400D400A5 /* LaunchScreen.storyboard */,
				D0813CBB227C7CE400D400A5 /* Info.plist */,
			);
			path = DeckBuilder;
			sourceTree = "<group>";
		};
		D0813CC1227C7D6A00D400A5 /* Controller */ = {
			isa = PBXGroup;
			children = (
				D0813CB1227C7CE300D400A5 /* ViewController.swift */,
				D0EA7B402284880F00A4192A /* DetailViewController.swift */,
			);
			path = Controller;
			sourceTree = "<group>";
		};
		D0813CC2227C7D7D00D400A5 /* Model */ = {
			isa = PBXGroup;
			children = (
				D0813CC6227C7EF600D400A5 /* Menu.swift */,
				9D24371522BA8FBC00C298EF /* CardId.swift */,
				9D24371322BA8FA500C298EF /* CardsDetail.swift */,
			);
			path = Model;
			sourceTree = "<group>";
		};
		D0813CC3227C7D8300D400A5 /* View */ = {
			isa = PBXGroup;
			children = (
				D0813CC4227C7DEF00D400A5 /* MenuCollectionViewCell.swift */,
			);
			path = View;
			sourceTree = "<group>";
		};
/* End PBXGroup section */

/* Begin PBXNativeTarget section */
		D0813CAB227C7CE300D400A5 /* DeckBuilder */ = {
			isa = PBXNativeTarget;
			buildConfigurationList = D0813CBE227C7CE400D400A5 /* Build configuration list for PBXNativeTarget "DeckBuilder" */;
			buildPhases = (
				D0813CA8227C7CE300D400A5 /* Sources */,
				D0813CA9227C7CE300D400A5 /* Frameworks */,
				D0813CAA227C7CE300D400A5 /* Resources */,
			);
			buildRules = (
			);
			dependencies = (
			);
			name = DeckBuilder;
			productName = DeckBuilder;
			productReference = D0813CAC227C7CE300D400A5 /* DeckBuilder.app */;
			productType = "com.apple.product-type.application";
		};
/* End PBXNativeTarget section */

/* Begin PBXProject section */
		D0813CA4227C7CE300D400A5 /* Project object */ = {
			isa = PBXProject;
			attributes = {
				LastSwiftUpdateCheck = 1010;
				LastUpgradeCheck = 1010;
				ORGANIZATIONNAME = "Anton Chernyshev";
				TargetAttributes = {
					D0813CAB227C7CE300D400A5 = {
						CreatedOnToolsVersion = 10.1;
					};
				};
			};
			buildConfigurationList = D0813CA7227C7CE300D400A5 /* Build configuration list for PBXProject "DeckBuilder" */;
			compatibilityVersion = "Xcode 9.3";
			developmentRegion = en;
			hasScannedForEncodings = 0;
			knownRegions = (
				en,
				Base,
			);
			mainGroup = D0813CA3227C7CE300D400A5;
			productRefGroup = D0813CAD227C7CE300D400A5 /* Products */;
			projectDirPath = "";
			projectRoot = "";
			targets = (
				D0813CAB227C7CE300D400A5 /* DeckBuilder */,
			);
		};
/* End PBXProject section */

/* Begin PBXResourcesBuildPhase section */
		D0813CAA227C7CE300D400A5 /* Resources */ = {
			isa = PBXResourcesBuildPhase;
			buildActionMask = 2147483647;
			files = (
				D0813CBA227C7CE400D400A5 /* LaunchScreen.storyboard in Resources */,
				D0813CB7227C7CE400D400A5 /* Assets.xcassets in Resources */,
				D0813CB5227C7CE300D400A5 /* Main.storyboard in Resources */,
			);
			runOnlyForDeploymentPostprocessing = 0;
		};
/* End PBXResourcesBuildPhase section */

/* Begin PBXSourcesBuildPhase section */
		D0813CA8227C7CE300D400A5 /* Sources */ = {
			isa = PBXSourcesBuildPhase;
			buildActionMask = 2147483647;
			files = (
				D0813CB2227C7CE300D400A5 /* ViewController.swift in Sources */,
				D0813CB0227C7CE300D400A5 /* AppDelegate.swift in Sources */,
				9D24371422BA8FA500C298EF /* CardsDetail.swift in Sources */,
				D0EA7B412284880F00A4192A /* DetailViewController.swift in Sources */,
				D0813CC7227C7EF600D400A5 /* Menu.swift in Sources */,
				9D24371222BA89A300C298EF /* NetworkService.swift in Sources */,
				9D24371622BA8FBC00C298EF /* CardId.swift in Sources */,
				D0813CC5227C7DEF00D400A5 /* MenuCollectionViewCell.swift in Sources */,
			);
			runOnlyForDeploymentPostprocessing = 0;
		};
/* End PBXSourcesBuildPhase section */

/* Begin PBXVariantGroup section */
		D0813CB3227C7CE300D400A5 /* Main.storyboard */ = {
			isa = PBXVariantGroup;
			children = (
				D0813CB4227C7CE300D400A5 /* Base */,
			);
			name = Main.storyboard;
			sourceTree = "<group>";
		};
		D0813CB8227C7CE400D400A5 /* LaunchScreen.storyboard */ = {
			isa = PBXVariantGroup;
			children = (
				D0813CB9227C7CE400D400A5 /* Base */,
			);
			name = LaunchScreen.storyboard;
			sourceTree = "<group>";
		};
/* End PBXVariantGroup section */

/* Begin XCBuildConfiguration section */
		D0813CBC227C7CE400D400A5 /* Debug */ = {
			isa = XCBuildConfiguration;
			buildSettings = {
				ALWAYS_SEARCH_USER_PATHS = NO;
				CLANG_ANALYZER_NONNULL = YES;
				CLANG_ANALYZER_NUMBER_OBJECT_CONVERSION = YES_AGGRESSIVE;
				CLANG_CXX_LANGUAGE_STANDARD = "gnu++14";
				CLANG_CXX_LIBRARY = "libc++";
				CLANG_ENABLE_MODULES = YES;
				CLANG_ENABLE_OBJC_ARC = YES;
				CLANG_ENABLE_OBJC_WEAK = YES;
				CLANG_WARN_BLOCK_CAPTURE_AUTORELEASING = YES;
				CLANG_WARN_BOOL_CONVERSION = YES;
				CLANG_WARN_COMMA = YES;
				CLANG_WARN_CONSTANT_CONVERSION = YES;
				CLANG_WARN_DEPRECATED_OBJC_IMPLEMENTATIONS = YES;
				CLANG_WARN_DIRECT_OBJC_ISA_USAGE = YES_ERROR;
				CLANG_WARN_DOCUMENTATION_COMMENTS = YES;
				CLANG_WARN_EMPTY_BODY = YES;
				CLANG_WARN_ENUM_CONVERSION = YES;
				CLANG_WARN_INFINITE_RECURSION = YES;
				CLANG_WARN_INT_CONVERSION = YES;
				CLANG_WARN_NON_LITERAL_NULL_CONVERSION = YES;
				CLANG_WARN_OBJC_IMPLICIT_RETAIN_SELF = YES;
				CLANG_WARN_OBJC_LITERAL_CONVERSION = YES;
				CLANG_WARN_OBJC_ROOT_CLASS = YES_ERROR;
				CLANG_WARN_RANGE_LOOP_ANALYSIS = YES;
				CLANG_WARN_STRICT_PROTOTYPES = YES;
				CLANG_WARN_SUSPICIOUS_MOVE = YES;
				CLANG_WARN_UNGUARDED_AVAILABILITY = YES_AGGRESSIVE;
				CLANG_WARN_UNREACHABLE_CODE = YES;
				CLANG_WARN__DUPLICATE_METHOD_MATCH = YES;
				CODE_SIGN_IDENTITY = "iPhone Developer";
				COPY_PHASE_STRIP = NO;
				DEBUG_INFORMATION_FORMAT = dwarf;
				ENABLE_STRICT_OBJC_MSGSEND = YES;
				ENABLE_TESTABILITY = YES;
				GCC_C_LANGUAGE_STANDARD = gnu11;
				GCC_DYNAMIC_NO_PIC = NO;
				GCC_NO_COMMON_BLOCKS = YES;
				GCC_OPTIMIZATION_LEVEL = 0;
				GCC_PREPROCESSOR_DEFINITIONS = (
					"DEBUG=1",
					"$(inherited)",
				);
				GCC_WARN_64_TO_32_BIT_CONVERSION = YES;
				GCC_WARN_ABOUT_RETURN_TYPE = YES_ERROR;
				GCC_WARN_UNDECLARED_SELECTOR = YES;
				GCC_WARN_UNINITIALIZED_AUTOS = YES_AGGRESSIVE;
				GCC_WARN_UNUSED_FUNCTION = YES;
				GCC_WARN_UNUSED_VARIABLE = YES;
				IPHONEOS_DEPLOYMENT_TARGET = 12.1;
				MTL_ENABLE_DEBUG_INFO = INCLUDE_SOURCE;
				MTL_FAST_MATH = YES;
				ONLY_ACTIVE_ARCH = YES;
				SDKROOT = iphoneos;
				SWIFT_ACTIVE_COMPILATION_CONDITIONS = DEBUG;
				SWIFT_OPTIMIZATION_LEVEL = "-Onone";
			};
			name = Debug;
		};
		D0813CBD227C7CE400D400A5 /* Release */ = {
			isa = XCBuildConfiguration;
			buildSettings = {
				ALWAYS_SEARCH_USER_PATHS = NO;
				CLANG_ANALYZER_NONNULL = YES;
				CLANG_ANALYZER_NUMBER_OBJECT_CONVERSION = YES_AGGRESSIVE;
				CLANG_CXX_LANGUAGE_STANDARD = "gnu++14";
				CLANG_CXX_LIBRARY = "libc++";
				CLANG_ENABLE_MODULES = YES;
				CLANG_ENABLE_OBJC_ARC = YES;
				CLANG_ENABLE_OBJC_WEAK = YES;
				CLANG_WARN_BLOCK_CAPTURE_AUTORELEASING = YES;
				CLANG_WARN_BOOL_CONVERSION = YES;
				CLANG_WARN_COMMA = YES;
				CLANG_WARN_CONSTANT_CONVERSION = YES;
				CLANG_WARN_DEPRECATED_OBJC_IMPLEMENTATIONS = YES;
				CLANG_WARN_DIRECT_OBJC_ISA_USAGE = YES_ERROR;
				CLANG_WARN_DOCUMENTATION_COMMENTS = YES;
				CLANG_WARN_EMPTY_BODY = YES;
				CLANG_WARN_ENUM_CONVERSION = YES;
				CLANG_WARN_INFINITE_RECURSION = YES;
				CLANG_WARN_INT_CONVERSION = YES;
				CLANG_WARN_NON_LITERAL_NULL_CONVERSION = YES;
				CLANG_WARN_OBJC_IMPLICIT_RETAIN_SELF = YES;
				CLANG_WARN_OBJC_LITERAL_CONVERSION = YES;
				CLANG_WARN_OBJC_ROOT_CLASS = YES_ERROR;
				CLANG_WARN_RANGE_LOOP_ANALYSIS = YES;
				CLANG_WARN_STRICT_PROTOTYPES = YES;
				CLANG_WARN_SUSPICIOUS_MOVE = YES;
				CLANG_WARN_UNGUARDED_AVAILABILITY = YES_AGGRESSIVE;
				CLANG_WARN_UNREACHABLE_CODE = YES;
				CLANG_WARN__DUPLICATE_METHOD_MATCH = YES;
				CODE_SIGN_IDENTITY = "iPhone Developer";
				COPY_PHASE_STRIP = NO;
				DEBUG_INFORMATION_FORMAT = "dwarf-with-dsym";
				ENABLE_NS_ASSERTIONS = NO;
				ENABLE_STRICT_OBJC_MSGSEND = YES;
				GCC_C_LANGUAGE_STANDARD = gnu11;
				GCC_NO_COMMON_BLOCKS = YES;
				GCC_WARN_64_TO_32_BIT_CONVERSION = YES;
				GCC_WARN_ABOUT_RETURN_TYPE = YES_ERROR;
				GCC_WARN_UNDECLARED_SELECTOR = YES;
				GCC_WARN_UNINITIALIZED_AUTOS = YES_AGGRESSIVE;
				GCC_WARN_UNUSED_FUNCTION = YES;
				GCC_WARN_UNUSED_VARIABLE = YES;
				IPHONEOS_DEPLOYMENT_TARGET = 12.1;
				MTL_ENABLE_DEBUG_INFO = NO;
				MTL_FAST_MATH = YES;
				SDKROOT = iphoneos;
				SWIFT_COMPILATION_MODE = wholemodule;
				SWIFT_OPTIMIZATION_LEVEL = "-O";
				VALIDATE_PRODUCT = YES;
			};
			name = Release;
		};
		D0813CBF227C7CE400D400A5 /* Debug */ = {
			isa = XCBuildConfiguration;
			buildSettings = {
				ASSETCATALOG_COMPILER_APPICON_NAME = AppIcon;
				CODE_SIGN_STYLE = Automatic;
				DEVELOPMENT_TEAM = UX698QMC48;
				INFOPLIST_FILE = DeckBuilder/Info.plist;
				LD_RUNPATH_SEARCH_PATHS = (
					"$(inherited)",
					"@executable_path/Frameworks",
				);
				PRODUCT_BUNDLE_IDENTIFIER = ru.tinkoff.DeckBuilder;
				PRODUCT_NAME = "$(TARGET_NAME)";
				SWIFT_VERSION = 4.2;
				TARGETED_DEVICE_FAMILY = "1,2";
			};
			name = Debug;
		};
		D0813CC0227C7CE400D400A5 /* Release */ = {
			isa = XCBuildConfiguration;
			buildSettings = {
				ASSETCATALOG_COMPILER_APPICON_NAME = AppIcon;
				CODE_SIGN_STYLE = Automatic;
				DEVELOPMENT_TEAM = UX698QMC48;
				INFOPLIST_FILE = DeckBuilder/Info.plist;
				LD_RUNPATH_SEARCH_PATHS = (
					"$(inherited)",
					"@executable_path/Frameworks",
				);
				PRODUCT_BUNDLE_IDENTIFIER = ru.tinkoff.DeckBuilder;
				PRODUCT_NAME = "$(TARGET_NAME)";
				SWIFT_VERSION = 4.2;
				TARGETED_DEVICE_FAMILY = "1,2";
			};
			name = Release;
		};
/* End XCBuildConfiguration section */

/* Begin XCConfigurationList section */
		D0813CA7227C7CE300D400A5 /* Build configuration list for PBXProject "DeckBuilder" */ = {
			isa = XCConfigurationList;
			buildConfigurations = (
				D0813CBC227C7CE400D400A5 /* Debug */,
				D0813CBD227C7CE400D400A5 /* Release */,
			);
			defaultConfigurationIsVisible = 0;
			defaultConfigurationName = Release;
		};
		D0813CBE227C7CE400D400A5 /* Build configuration list for PBXNativeTarget "DeckBuilder" */ = {
			isa = XCConfigurationList;
			buildConfigurations = (
				D0813CBF227C7CE400D400A5 /* Debug */,
				D0813CC0227C7CE400D400A5 /* Release */,
			);
			defaultConfigurationIsVisible = 0;
			defaultConfigurationName = Release;
		};
/* End XCConfigurationList section */
	};
	rootObject = D0813CA4227C7CE300D400A5 /* Project object */;
}
